
Microsoft Visual Studio Solution File, Format Version 12.00
# Visual Studio Version 16
VisualStudioVersion = 16.0.29920.165
MinimumVisualStudioVersion = 10.0.40219.1
Project("{8BC9CEB8-8B4A-11D0-8D11-00A0C91BC942}") = "Project1", "Project1\Project1.vcxproj", "{959649AC-563C-4C1B-92FB-0EDC130CE306}"
EndProject
Global
	GlobalSection(SolutionConfigurationPlatforms) = preSolution
		Debug|x64 = Debug|x64
		Debug|x86 = Debug|x86
		Release|x64 = Release|x64
		Release|x86 = Release|x86
	EndGlobalSection
	GlobalSection(ProjectConfigurationPlatforms) = postSolution
		{959649AC-563C-4C1B-92FB-0EDC130CE306}.Debug|x64.ActiveCfg = Debug|x64
		{959649AC-563C-4C1B-92FB-0EDC130CE306}.Debug|x64.Build.0 = Debug|x64
		{959649AC-563C-4C1B-92FB-0EDC130CE306}.Debug|x86.ActiveCfg = Debug|Win32
		{959649AC-563C-4C1B-92FB-0EDC130CE306}.Debug|x86.Build.0 = Debug|Win32
		{959649AC-563C-4C1B-92FB-0EDC130CE306}.Release|x64.ActiveCfg = Release|x64
		{959649AC-563C-4C1B-92FB-0EDC130CE306}.Release|x64.Build.0 = Release|x64
		{959649AC-563C-4C1B-92FB-0EDC130CE306}.Release|x86.ActiveCfg = Release|Win32
		{959649AC-563C-4C1B-92FB-0EDC130CE306}.Release|x86.Build.0 = Release|Win32
	EndGlobalSection
	GlobalSection(SolutionProperties) = preSolution
		HideSolutionNode = FALSE
	EndGlobalSection
	GlobalSection(ExtensibilityGlobals) = postSolution
		SolutionGuid = {9938DD89-0E27-46CD-BB38-4A8D4A6F1FAC}
	EndGlobalSection
EndGlobal
